
Microsoft Visual Studio Solution File, Format Version 12.00
# Visual Studio Version 16
VisualStudioVersion = 16.0.30717.126
MinimumVisualStudioVersion = 10.0.40219.1
Project("{FAE04EC0-301F-11D3-BF4B-00C04F79EFBC}") = "SiemensAssignment", "SiemensAssignment\SiemensAssignment.csproj", "{991A8E97-10D3-45E5-8AF0-746C2BD27500}"
EndProject
Global
	GlobalSection(SolutionConfigurationPlatforms) = preSolution
		Debug|Any CPU = Debug|Any CPU
		Release|Any CPU = Release|Any CPU
	EndGlobalSection
	GlobalSection(ProjectConfigurationPlatforms) = postSolution
		{991A8E97-10D3-45E5-8AF0-746C2BD27500}.Debug|Any CPU.ActiveCfg = Debug|Any CPU
		{991A8E97-10D3-45E5-8AF0-746C2BD27500}.Debug|Any CPU.Build.0 = Debug|Any CPU
		{991A8E97-10D3-45E5-8AF0-746C2BD27500}.Release|Any CPU.ActiveCfg = Release|Any CPU
		{991A8E97-10D3-45E5-8AF0-746C2BD27500}.Release|Any CPU.Build.0 = Release|Any CPU
	EndGlobalSection
	GlobalSection(SolutionProperties) = preSolution
		HideSolutionNode = FALSE
	EndGlobalSection
	GlobalSection(ExtensibilityGlobals) = postSolution
		SolutionGuid = {2917C825-A59F-406A-8A1B-BCE689FE7735}
	EndGlobalSection
EndGlobal
